{
  "name": "@kubelt/sdk-ts",
  "version": "0.0.0",
  "lockfileVersion": 2,
  "requires": true,
  "packages": {
    "": {
      "name": "@kubelt/sdk-ts",
      "version": "0.0.0",
      "license": "Apache-2.0",
      "dependencies": {
        "@kubelt/sdk-js": "file:../sdk-js"
      },
      "devDependencies": {
        "@tsconfig/recommended": "1.0.1"
      }
    },
    "../sdk-js": {
      "name": "@kubelt/sdk-js",
      "version": "0.0.1-next.49+59d5010",
      "license": "Apache-2.0",
      "dependencies": {
        "@ethersproject/keccak256": "5.6.0",
        "@ethersproject/signing-key": "5.6.0",
        "@ethersproject/wallet": "5.6.0",
        "@stablelib/ed25519": "1.0.2",
        "@stablelib/hex": "1.0.1",
        "@stablelib/sha256": "1.0.1",
        "@stablelib/sha3": "1.0.1",
        "@stablelib/utf8": "1.0.1",
        "@stablelib/uuid": "1.0.1",
        "blake3": "2.1.7",
        "event-stream": "4.0.1",
        "jose": "4.6.0",
        "jsonld": "5.2.0",
        "levelup": "5.1.1",
        "libp2p-crypto": "0.21.2",
        "memdown": "6.1.1",
        "multiformats": "9.6.4",
        "quadstore": "9.1.0",
        "web3": "1.7.1"
      }
    },
    "node_modules/@kubelt/sdk-js": {
      "resolved": "../sdk-js",
      "link": true
    },
    "node_modules/@tsconfig/recommended": {
      "version": "1.0.1",
      "dev": true,
      "license": "MIT"
    }
  },
  "dependencies": {
    "@kubelt/sdk-js": {
      "version": "file:../sdk-js",
      "requires": {
        "@ethersproject/keccak256": "5.6.0",
        "@ethersproject/signing-key": "5.6.0",
        "@ethersproject/wallet": "5.6.0",
        "@stablelib/ed25519": "1.0.2",
        "@stablelib/hex": "1.0.1",
        "@stablelib/sha256": "1.0.1",
        "@stablelib/sha3": "1.0.1",
        "@stablelib/utf8": "1.0.1",
        "@stablelib/uuid": "1.0.1",
        "blake3": "2.1.7",
        "event-stream": "4.0.1",
        "jose": "4.6.0",
        "jsonld": "5.2.0",
        "levelup": "5.1.1",
        "libp2p-crypto": "0.21.2",
        "memdown": "6.1.1",
        "multiformats": "9.6.4",
        "quadstore": "9.1.0",
        "web3": "1.7.1"
      }
    },
    "@tsconfig/recommended": {
      "version": "1.0.1",
      "dev": true
    }
  }
}
