{
  "name": "@kubelt/openrpc",
  "version": "0.1.0",
  "lockfileVersion": 2,
  "requires": true,
  "packages": {
    "": {
      "name": "@kubelt/openrpc",
      "version": "0.1.0",
      "license": "UNLICENSED",
      "dependencies": {
        "@cfworker/json-schema": "1.12.5",
        "@open-rpc/meta-schema": "1.14.2",
        "itty-router": "2.6.6",
        "itty-router-extras": "0.4.2",
        "lodash": "4.17.21",
        "reflect-metadata": "^0.1.13",
        "ts-set-utils": "0.2.0"
      },
      "devDependencies": {
        "@cloudflare/workers-types": "3.18.0",
        "@types/itty-router-extras": "0.4.0",
        "@types/lodash": "4.14.186",
        "typescript": "4.8.4"
      }
    },
    "node_modules/@cfworker/json-schema": {
      "version": "1.12.5",
      "resolved": "https://registry.npmjs.org/@cfworker/json-schema/-/json-schema-1.12.5.tgz",
      "integrity": "sha512-k+ungOs1TxSfNfmfOxkwaiNL2EgRQjhk2SRweMYoKkBJZUYsGsY+XYpe2KpuS9EyjZWjZhq8QvVM+gwi3g1+hQ=="
    },
    "node_modules/@cloudflare/workers-types": {
      "version": "3.18.0",
      "resolved": "https://registry.npmjs.org/@cloudflare/workers-types/-/workers-types-3.18.0.tgz",
      "integrity": "sha512-ehKOJVLMeR+tZkYhWEaLYQxl0TaIZu/kE86HF3/RidR8Xv5LuQxpbh+XXAoKVqsaphWLhIgBhgnlN5HGdheXSQ==",
      "dev": true
    },
    "node_modules/@open-rpc/meta-schema": {
      "version": "1.14.2",
      "resolved": "https://registry.npmjs.org/@open-rpc/meta-schema/-/meta-schema-1.14.2.tgz",
      "integrity": "sha512-vD4Nbkrb7wYFRcSQf+j228LwOy1C6/KKpy5NADlpMElGrAWPRxhTa2yTi6xG+x88OHzg2+cydQ0GAD6o40KUcg=="
    },
    "node_modules/@types/itty-router-extras": {
      "version": "0.4.0",
      "resolved": "https://registry.npmjs.org/@types/itty-router-extras/-/itty-router-extras-0.4.0.tgz",
      "integrity": "sha512-IcXmXB8vVbjWy4McZjKzo+3sdQyzMpyHi5mQ4iViu6yX9cS/SVlGR+6H/AgzfG32svaQJeOhl2gfXYwf1AKEgg==",
      "dev": true,
      "dependencies": {
        "itty-router": "^2.3.10"
      }
    },
    "node_modules/@types/lodash": {
      "version": "4.14.186",
      "resolved": "https://registry.npmjs.org/@types/lodash/-/lodash-4.14.186.tgz",
      "integrity": "sha512-eHcVlLXP0c2FlMPm56ITode2AgLMSa6aJ05JTTbYbI+7EMkCEE5qk2E41d5g2lCVTqRe0GnnRFurmlCsDODrPw==",
      "dev": true
    },
    "node_modules/itty-router": {
      "version": "2.6.6",
      "resolved": "https://registry.npmjs.org/itty-router/-/itty-router-2.6.6.tgz",
      "integrity": "sha512-hIPHtXGymCX7Lzb2I4G6JgZFE4QEEQwst9GORK7sMYUpJvLfy4yZJr95r04e8DzoAnj6HcxM2m4TbK+juu+18g=="
    },
    "node_modules/itty-router-extras": {
      "version": "0.4.2",
      "resolved": "https://registry.npmjs.org/itty-router-extras/-/itty-router-extras-0.4.2.tgz",
      "integrity": "sha512-ppHaBzcTXs7idFSDISehG+8kif2/4aqLCfyY/Y/uIZv79sfEfNmTq9G+rDeqblun/VZRBiXZD8ztYmMS8EOsKw=="
    },
    "node_modules/lodash": {
      "version": "4.17.21",
      "resolved": "https://registry.npmjs.org/lodash/-/lodash-4.17.21.tgz",
      "integrity": "sha512-v2kDEe57lecTulaDIuNTPy3Ry4gLGJ6Z1O3vE1krgXZNrsQ+LFTGHVxVjcXPs17LhbZVGedAJv8XZ1tvj5FvSg=="
    },
    "node_modules/reflect-metadata": {
      "version": "0.1.13",
      "resolved": "https://registry.npmjs.org/reflect-metadata/-/reflect-metadata-0.1.13.tgz",
      "integrity": "sha512-Ts1Y/anZELhSsjMcU605fU9RE4Oi3p5ORujwbIKXfWa+0Zxs510Qrmrce5/Jowq3cHSZSJqBjypxmHarc+vEWg=="
    },
    "node_modules/ts-set-utils": {
      "version": "0.2.0",
      "resolved": "https://registry.npmjs.org/ts-set-utils/-/ts-set-utils-0.2.0.tgz",
      "integrity": "sha512-+4X9p1qqaSmENkuWrqgTet199mqwnAZKdGVNUQejldZGZUDzmtjMaQ+EvA9l1EHl2j/31RYRONc8yJbbWF1QTg=="
    },
    "node_modules/typescript": {
      "version": "4.8.4",
      "resolved": "https://registry.npmjs.org/typescript/-/typescript-4.8.4.tgz",
      "integrity": "sha512-QCh+85mCy+h0IGff8r5XWzOVSbBO+KfeYrMQh7NJ58QujwcE22u+NUSmUxqF+un70P9GXKxa2HCNiTTMJknyjQ==",
      "dev": true,
      "bin": {
        "tsc": "bin/tsc",
        "tsserver": "bin/tsserver"
      },
      "engines": {
        "node": ">=4.2.0"
      }
    }
  },
  "dependencies": {
    "@cfworker/json-schema": {
      "version": "1.12.5",
      "resolved": "https://registry.npmjs.org/@cfworker/json-schema/-/json-schema-1.12.5.tgz",
      "integrity": "sha512-k+ungOs1TxSfNfmfOxkwaiNL2EgRQjhk2SRweMYoKkBJZUYsGsY+XYpe2KpuS9EyjZWjZhq8QvVM+gwi3g1+hQ=="
    },
    "@cloudflare/workers-types": {
      "version": "3.18.0",
      "resolved": "https://registry.npmjs.org/@cloudflare/workers-types/-/workers-types-3.18.0.tgz",
      "integrity": "sha512-ehKOJVLMeR+tZkYhWEaLYQxl0TaIZu/kE86HF3/RidR8Xv5LuQxpbh+XXAoKVqsaphWLhIgBhgnlN5HGdheXSQ==",
      "dev": true
    },
    "@open-rpc/meta-schema": {
      "version": "1.14.2",
      "resolved": "https://registry.npmjs.org/@open-rpc/meta-schema/-/meta-schema-1.14.2.tgz",
      "integrity": "sha512-vD4Nbkrb7wYFRcSQf+j228LwOy1C6/KKpy5NADlpMElGrAWPRxhTa2yTi6xG+x88OHzg2+cydQ0GAD6o40KUcg=="
    },
    "@types/itty-router-extras": {
      "version": "0.4.0",
      "resolved": "https://registry.npmjs.org/@types/itty-router-extras/-/itty-router-extras-0.4.0.tgz",
      "integrity": "sha512-IcXmXB8vVbjWy4McZjKzo+3sdQyzMpyHi5mQ4iViu6yX9cS/SVlGR+6H/AgzfG32svaQJeOhl2gfXYwf1AKEgg==",
      "dev": true,
      "requires": {
        "itty-router": "^2.3.10"
      }
    },
    "@types/lodash": {
      "version": "4.14.186",
      "resolved": "https://registry.npmjs.org/@types/lodash/-/lodash-4.14.186.tgz",
      "integrity": "sha512-eHcVlLXP0c2FlMPm56ITode2AgLMSa6aJ05JTTbYbI+7EMkCEE5qk2E41d5g2lCVTqRe0GnnRFurmlCsDODrPw==",
      "dev": true
    },
    "itty-router": {
      "version": "2.6.6",
      "resolved": "https://registry.npmjs.org/itty-router/-/itty-router-2.6.6.tgz",
      "integrity": "sha512-hIPHtXGymCX7Lzb2I4G6JgZFE4QEEQwst9GORK7sMYUpJvLfy4yZJr95r04e8DzoAnj6HcxM2m4TbK+juu+18g=="
    },
    "itty-router-extras": {
      "version": "0.4.2",
      "resolved": "https://registry.npmjs.org/itty-router-extras/-/itty-router-extras-0.4.2.tgz",
      "integrity": "sha512-ppHaBzcTXs7idFSDISehG+8kif2/4aqLCfyY/Y/uIZv79sfEfNmTq9G+rDeqblun/VZRBiXZD8ztYmMS8EOsKw=="
    },
    "lodash": {
      "version": "4.17.21",
      "resolved": "https://registry.npmjs.org/lodash/-/lodash-4.17.21.tgz",
      "integrity": "sha512-v2kDEe57lecTulaDIuNTPy3Ry4gLGJ6Z1O3vE1krgXZNrsQ+LFTGHVxVjcXPs17LhbZVGedAJv8XZ1tvj5FvSg=="
    },
    "reflect-metadata": {
      "version": "0.1.13",
      "resolved": "https://registry.npmjs.org/reflect-metadata/-/reflect-metadata-0.1.13.tgz",
      "integrity": "sha512-Ts1Y/anZELhSsjMcU605fU9RE4Oi3p5ORujwbIKXfWa+0Zxs510Qrmrce5/Jowq3cHSZSJqBjypxmHarc+vEWg=="
    },
    "ts-set-utils": {
      "version": "0.2.0",
      "resolved": "https://registry.npmjs.org/ts-set-utils/-/ts-set-utils-0.2.0.tgz",
      "integrity": "sha512-+4X9p1qqaSmENkuWrqgTet199mqwnAZKdGVNUQejldZGZUDzmtjMaQ+EvA9l1EHl2j/31RYRONc8yJbbWF1QTg=="
    },
    "typescript": {
      "version": "4.8.4",
      "resolved": "https://registry.npmjs.org/typescript/-/typescript-4.8.4.tgz",
      "integrity": "sha512-QCh+85mCy+h0IGff8r5XWzOVSbBO+KfeYrMQh7NJ58QujwcE22u+NUSmUxqF+un70P9GXKxa2HCNiTTMJknyjQ==",
      "dev": true
    }
  }
}
