{
  "name": "@kubelt/do.starbase",
  "version": "0.1.0",
  "lockfileVersion": 2,
  "requires": true,
  "packages": {
    "": {
      "name": "@kubelt/do.starbase",
      "version": "0.1.0",
      "license": "UNLICENSED",
      "dependencies": {
        "@kubelt/openrpc": "file:../lib/openrpc"
      }
    },
    "../../lib/openrpc": {
      "name": "@kubelt/openrpc",
      "version": "0.1.0",
      "extraneous": true,
      "license": "UNLICENSED",
      "dependencies": {
        "@cfworker/json-schema": "1.12.5",
        "@open-rpc/meta-schema": "1.14.2",
        "itty-router": "2.6.6",
        "itty-router-extras": "0.4.2",
        "lodash": "4.17.21",
        "ts-set-utils": "0.2.0"
      },
      "devDependencies": {
        "@cloudflare/workers-types": "3.18.0",
        "@types/itty-router-extras": "0.4.0",
        "@types/lodash": "4.14.186",
        "typescript": "4.8.4"
      }
    },
    "../lib/openrpc": {
      "version": "0.1.0",
      "license": "UNLICENSED",
      "dependencies": {
        "@cfworker/json-schema": "1.12.5",
        "@open-rpc/meta-schema": "1.14.2",
        "itty-router": "2.6.6",
        "itty-router-extras": "0.4.2",
        "lodash": "4.17.21",
        "reflect-metadata": "0.1.13",
        "ts-set-utils": "0.2.0"
      },
      "devDependencies": {
        "@cloudflare/workers-types": "3.18.0",
        "@types/itty-router-extras": "0.4.0",
        "@types/lodash": "4.14.186",
        "typescript": "4.8.4"
      }
    },
    "node_modules/@kubelt/openrpc": {
      "resolved": "../lib/openrpc",
      "link": true
    }
  },
  "dependencies": {
    "@kubelt/openrpc": {
      "version": "file:../lib/openrpc",
      "requires": {
        "@cfworker/json-schema": "1.12.5",
        "@cloudflare/workers-types": "3.18.0",
        "@open-rpc/meta-schema": "1.14.2",
        "@types/itty-router-extras": "0.4.0",
        "@types/lodash": "4.14.186",
        "itty-router": "2.6.6",
        "itty-router-extras": "0.4.2",
        "lodash": "4.17.21",
        "reflect-metadata": "0.1.13",
        "ts-set-utils": "0.2.0",
        "typescript": "4.8.4"
      }
    }
  }
}
